
Microsoft Visual Studio Solution File, Format Version 12.00
# Visual Studio 15
VisualStudioVersion = 15.0.28010.2046
MinimumVisualStudioVersion = 10.0.40219.1
Project("{8BC9CEB8-8B4A-11D0-8D11-00A0C91BC942}") = "Project", "Project\Project.vcxproj", "{92B2A723-D5FF-4A13-904C-A12C7EA5F71D}"
EndProject
Global
	GlobalSection(SolutionConfigurationPlatforms) = preSolution
		Debug|x64 = Debug|x64
		Debug|x86 = Debug|x86
		Release|x64 = Release|x64
		Release|x86 = Release|x86
	EndGlobalSection
	GlobalSection(ProjectConfigurationPlatforms) = postSolution
		{92B2A723-D5FF-4A13-904C-A12C7EA5F71D}.Debug|x64.ActiveCfg = Debug|x64
		{92B2A723-D5FF-4A13-904C-A12C7EA5F71D}.Debug|x64.Build.0 = Debug|x64
		{92B2A723-D5FF-4A13-904C-A12C7EA5F71D}.Debug|x86.ActiveCfg = Debug|Win32
		{92B2A723-D5FF-4A13-904C-A12C7EA5F71D}.Debug|x86.Build.0 = Debug|Win32
		{92B2A723-D5FF-4A13-904C-A12C7EA5F71D}.Release|x64.ActiveCfg = Release|x64
		{92B2A723-D5FF-4A13-904C-A12C7EA5F71D}.Release|x64.Build.0 = Release|x64
		{92B2A723-D5FF-4A13-904C-A12C7EA5F71D}.Release|x86.ActiveCfg = Release|Win32
		{92B2A723-D5FF-4A13-904C-A12C7EA5F71D}.Release|x86.Build.0 = Release|Win32
	EndGlobalSection
	GlobalSection(SolutionProperties) = preSolution
		HideSolutionNode = FALSE
	EndGlobalSection
	GlobalSection(ExtensibilityGlobals) = postSolution
		SolutionGuid = {F656E4ED-F5B2-456F-8C58-4AB1C3706D05}
	EndGlobalSection
EndGlobal
